// !$*UTF8*$!
{
	archiveVersion = 1;
	classes = {
	};
	objectVersion = 46;
	objects = {

/* Begin PBXBuildFile section */
		9988EACC1EC5A424002631F6 /* main.m in Sources */ = {isa = PBXBuildFile; fileRef = 9988EACB1EC5A424002631F6 /* main.m */; };
		9988EACF1EC5A425002631F6 /* AppDelegate.m in Sources */ = {isa = PBXBuildFile; fileRef = 9988EACE1EC5A425002631F6 /* AppDelegate.m */; };
		9988EAD21EC5A425002631F6 /* ViewController.m in Sources */ = {isa = PBXBuildFile; fileRef = 9988EAD11EC5A425002631F6 /* ViewController.m */; };
		9988EAD51EC5A425002631F6 /* Main.storyboard in Resources */ = {isa = PBXBuildFile; fileRef = 9988EAD31EC5A425002631F6 /* Main.storyboard */; };
		9988EAD71EC5A426002631F6 /* Assets.xcassets in Resources */ = {isa = PBXBuildFile; fileRef = 9988EAD61EC5A426002631F6 /* Assets.xcassets */; };
		9988EADA1EC5A426002631F6 /* LaunchScreen.storyboard in Resources */ = {isa = PBXBuildFile; fileRef = 9988EAD81EC5A426002631F6 /* LaunchScreen.storyboard */; };
		9988EAE51EC5A426002631F6 /* ______Tests.m in Sources */ = {isa = PBXBuildFile; fileRef = 9988EAE41EC5A426002631F6 /* ______Tests.m */; };
		9988EAF01EC5A426002631F6 /* ______UITests.m in Sources */ = {isa = PBXBuildFile; fileRef = 9988EAEF1EC5A426002631F6 /* ______UITests.m */; };
		99978F4C1EC9453A00EA24EB /* MASCompositeConstraint.m in Sources */ = {isa = PBXBuildFile; fileRef = 99978F281EC9453A00EA24EB /* MASCompositeConstraint.m */; };
		99978F4D1EC9453A00EA24EB /* MASConstraint.m in Sources */ = {isa = PBXBuildFile; fileRef = 99978F2B1EC9453A00EA24EB /* MASConstraint.m */; };
		99978F4E1EC9453A00EA24EB /* MASConstraintMaker.m in Sources */ = {isa = PBXBuildFile; fileRef = 99978F2D1EC9453A00EA24EB /* MASConstraintMaker.m */; };
		99978F4F1EC9453A00EA24EB /* MASLayoutConstraint.m in Sources */ = {isa = PBXBuildFile; fileRef = 99978F2F1EC9453A00EA24EB /* MASLayoutConstraint.m */; };
		99978F501EC9453A00EA24EB /* MASViewAttribute.m in Sources */ = {isa = PBXBuildFile; fileRef = 99978F331EC9453A00EA24EB /* MASViewAttribute.m */; };
		99978F511EC9453A00EA24EB /* MASViewConstraint.m in Sources */ = {isa = PBXBuildFile; fileRef = 99978F351EC9453A00EA24EB /* MASViewConstraint.m */; };
		99978F521EC9453A00EA24EB /* NSArray+MASAdditions.m in Sources */ = {isa = PBXBuildFile; fileRef = 99978F371EC9453A00EA24EB /* NSArray+MASAdditions.m */; };
		99978F531EC9453A00EA24EB /* NSLayoutConstraint+MASDebugAdditions.m in Sources */ = {isa = PBXBuildFile; fileRef = 99978F3A1EC9453A00EA24EB /* NSLayoutConstraint+MASDebugAdditions.m */; };
		99978F541EC9453B00EA24EB /* View+MASAdditions.m in Sources */ = {isa = PBXBuildFile; fileRef = 99978F3C1EC9453A00EA24EB /* View+MASAdditions.m */; };
		99978F551EC9453B00EA24EB /* ViewController+MASAdditions.m in Sources */ = {isa = PBXBuildFile; fileRef = 99978F3F1EC9453A00EA24EB /* ViewController+MASAdditions.m */; };
		99978F561EC9453B00EA24EB /* MyMemberModel.m in Sources */ = {isa = PBXBuildFile; fileRef = 99978F421EC9453A00EA24EB /* MyMemberModel.m */; };
		99978F571EC9453B00EA24EB /* MemberRectView.m in Sources */ = {isa = PBXBuildFile; fileRef = 99978F451EC9453A00EA24EB /* MemberRectView.m */; };
		99978F581EC9453B00EA24EB /* MyFamilyView.m in Sources */ = {isa = PBXBuildFile; fileRef = 99978F471EC9453A00EA24EB /* MyFamilyView.m */; };
		99978F591EC9453B00EA24EB /* MyMemberView.m in Sources */ = {isa = PBXBuildFile; fileRef = 99978F491EC9453A00EA24EB /* MyMemberView.m */; };
		99978F5A1EC9453B00EA24EB /* View.m in Sources */ = {isa = PBXBuildFile; fileRef = 99978F4B1EC9453A00EA24EB /* View.m */; };
		99978F5D1EC9454700EA24EB /* MyFamilyViewController.m in Sources */ = {isa = PBXBuildFile; fileRef = 99978F5C1EC9454700EA24EB /* MyFamilyViewController.m */; };
		99978F641EC9454C00EA24EB /* 1.png in Resources */ = {isa = PBXBuildFile; fileRef = 99978F5E1EC9454C00EA24EB /* 1.png */; };
		99978F651EC9454C00EA24EB /* 2.png in Resources */ = {isa = PBXBuildFile; fileRef = 99978F5F1EC9454C00EA24EB /* 2.png */; };
		99978F661EC9454C00EA24EB /* 3.png in Resources */ = {isa = PBXBuildFile; fileRef = 99978F601EC9454C00EA24EB /* 3.png */; };
		99978F671EC9454C00EA24EB /* 4.png in Resources */ = {isa = PBXBuildFile; fileRef = 99978F611EC9454C00EA24EB /* 4.png */; };
		99978F681EC9454C00EA24EB /* 5.png in Resources */ = {isa = PBXBuildFile; fileRef = 99978F621EC9454C00EA24EB /* 5.png */; };
		99978F691EC9454C00EA24EB /* 树状图说明 in Resources */ = {isa = PBXBuildFile; fileRef = 99978F631EC9454C00EA24EB /* 树状图说明 */; };
/* End PBXBuildFile section */

/* Begin PBXContainerItemProxy section */
		9988EAE11EC5A426002631F6 /* PBXContainerItemProxy */ = {
			isa = PBXContainerItemProxy;
			containerPortal = 9988EABF1EC5A424002631F6 /* Project object */;
			proxyType = 1;
			remoteGlobalIDString = 9988EAC61EC5A424002631F6;
			remoteInfo = "树状图原始版";
		};
		9988EAEC1EC5A426002631F6 /* PBXContainerItemProxy */ = {
			isa = PBXContainerItemProxy;
			containerPortal = 9988EABF1EC5A424002631F6 /* Project object */;
			proxyType = 1;
			remoteGlobalIDString = 9988EAC61EC5A424002631F6;
			remoteInfo = "树状图原始版";
		};
/* End PBXContainerItemProxy section */

/* Begin PBXFileReference section */
		9988EAC71EC5A424002631F6 /* 树状图原始版.app */ = {isa = PBXFileReference; explicitFileType = wrapper.application; includeInIndex = 0; path = "树状图原始版.app"; sourceTree = BUILT_PRODUCTS_DIR; };
		9988EACB1EC5A424002631F6 /* main.m */ = {isa = PBXFileReference; lastKnownFileType = sourcecode.c.objc; path = main.m; sourceTree = "<group>"; };
		9988EACD1EC5A424002631F6 /* AppDelegate.h */ = {isa = PBXFileReference; lastKnownFileType = sourcecode.c.h; path = AppDelegate.h; sourceTree = "<group>"; };
		9988EACE1EC5A425002631F6 /* AppDelegate.m */ = {isa = PBXFileReference; lastKnownFileType = sourcecode.c.objc; path = AppDelegate.m; sourceTree = "<group>"; };
		9988EAD01EC5A425002631F6 /* ViewController.h */ = {isa = PBXFileReference; lastKnownFileType = sourcecode.c.h; path = ViewController.h; sourceTree = "<group>"; };
		9988EAD11EC5A425002631F6 /* ViewController.m */ = {isa = PBXFileReference; lastKnownFileType = sourcecode.c.objc; path = ViewController.m; sourceTree = "<group>"; };
		9988EAD41EC5A425002631F6 /* Base */ = {isa = PBXFileReference; lastKnownFileType = file.storyboard; name = Base; path = Base.lproj/Main.storyboard; sourceTree = "<group>"; };
		9988EAD61EC5A426002631F6 /* Assets.xcassets */ = {isa = PBXFileReference; lastKnownFileType = folder.assetcatalog; path = Assets.xcassets; sourceTree = "<group>"; };
		9988EAD91EC5A426002631F6 /* Base */ = {isa = PBXFileReference; lastKnownFileType = file.storyboard; name = Base; path = Base.lproj/LaunchScreen.storyboard; sourceTree = "<group>"; };
		9988EADB1EC5A426002631F6 /* Info.plist */ = {isa = PBXFileReference; lastKnownFileType = text.plist.xml; path = Info.plist; sourceTree = "<group>"; };
		9988EAE01EC5A426002631F6 /* 树状图原始版Tests.xctest */ = {isa = PBXFileReference; explicitFileType = wrapper.cfbundle; includeInIndex = 0; path = "树状图原始版Tests.xctest"; sourceTree = BUILT_PRODUCTS_DIR; };
		9988EAE41EC5A426002631F6 /* ______Tests.m */ = {isa = PBXFileReference; lastKnownFileType = sourcecode.c.objc; path = "______Tests.m"; sourceTree = "<group>"; };
		9988EAE61EC5A426002631F6 /* Info.plist */ = {isa = PBXFileReference; lastKnownFileType = text.plist.xml; path = Info.plist; sourceTree = "<group>"; };
		9988EAEB1EC5A426002631F6 /* 树状图原始版UITests.xctest */ = {isa = PBXFileReference; explicitFileType = wrapper.cfbundle; includeInIndex = 0; path = "树状图原始版UITests.xctest"; sourceTree = BUILT_PRODUCTS_DIR; };
		9988EAEF1EC5A426002631F6 /* ______UITests.m */ = {isa = PBXFileReference; lastKnownFileType = sourcecode.c.objc; path = "______UITests.m"; sourceTree = "<group>"; };
		9988EAF11EC5A426002631F6 /* Info.plist */ = {isa = PBXFileReference; lastKnownFileType = text.plist.xml; path = Info.plist; sourceTree = "<group>"; };
		99978F271EC9453A00EA24EB /* MASCompositeConstraint.h */ = {isa = PBXFileReference; fileEncoding = 4; lastKnownFileType = sourcecode.c.h; path = MASCompositeConstraint.h; sourceTree = "<group>"; };
		99978F281EC9453A00EA24EB /* MASCompositeConstraint.m */ = {isa = PBXFileReference; fileEncoding = 4; lastKnownFileType = sourcecode.c.objc; path = MASCompositeConstraint.m; sourceTree = "<group>"; };
		99978F291EC9453A00EA24EB /* MASConstraint+Private.h */ = {isa = PBXFileReference; fileEncoding = 4; lastKnownFileType = sourcecode.c.h; path = "MASConstraint+Private.h"; sourceTree = "<group>"; };
		99978F2A1EC9453A00EA24EB /* MASConstraint.h */ = {isa = PBXFileReference; fileEncoding = 4; lastKnownFileType = sourcecode.c.h; path = MASConstraint.h; sourceTree = "<group>"; };
		99978F2B1EC9453A00EA24EB /* MASConstraint.m */ = {isa = PBXFileReference; fileEncoding = 4; lastKnownFileType = sourcecode.c.objc; path = MASConstraint.m; sourceTree = "<group>"; };
		99978F2C1EC9453A00EA24EB /* MASConstraintMaker.h */ = {isa = PBXFileReference; fileEncoding = 4; lastKnownFileType = sourcecode.c.h; path = MASConstraintMaker.h; sourceTree = "<group>"; };
		99978F2D1EC9453A00EA24EB /* MASConstraintMaker.m */ = {isa = PBXFileReference; fileEncoding = 4; lastKnownFileType = sourcecode.c.objc; path = MASConstraintMaker.m; sourceTree = "<group>"; };
		99978F2E1EC9453A00EA24EB /* MASLayoutConstraint.h */ = {isa = PBXFileReference; fileEncoding = 4; lastKnownFileType = sourcecode.c.h; path = MASLayoutConstraint.h; sourceTree = "<group>"; };
		99978F2F1EC9453A00EA24EB /* MASLayoutConstraint.m */ = {isa = PBXFileReference; fileEncoding = 4; lastKnownFileType = sourcecode.c.objc; path = MASLayoutConstraint.m; sourceTree = "<group>"; };
		99978F301EC9453A00EA24EB /* Masonry.h */ = {isa = PBXFileReference; fileEncoding = 4; lastKnownFileType = sourcecode.c.h; path = Masonry.h; sourceTree = "<group>"; };
		99978F311EC9453A00EA24EB /* MASUtilities.h */ = {isa = PBXFileReference; fileEncoding = 4; lastKnownFileType = sourcecode.c.h; path = MASUtilities.h; sourceTree = "<group>"; };
		99978F321EC9453A00EA24EB /* MASViewAttribute.h */ = {isa = PBXFileReference; fileEncoding = 4; lastKnownFileType = sourcecode.c.h; path = MASViewAttribute.h; sourceTree = "<group>"; };
		99978F331EC9453A00EA24EB /* MASViewAttribute.m */ = {isa = PBXFileReference; fileEncoding = 4; lastKnownFileType = sourcecode.c.objc; path = MASViewAttribute.m; sourceTree = "<group>"; };
		99978F341EC9453A00EA24EB /* MASViewConstraint.h */ = {isa = PBXFileReference; fileEncoding = 4; lastKnownFileType = sourcecode.c.h; path = MASViewConstraint.h; sourceTree = "<group>"; };
		99978F351EC9453A00EA24EB /* MASViewConstraint.m */ = {isa = PBXFileReference; fileEncoding = 4; lastKnownFileType = sourcecode.c.objc; path = MASViewConstraint.m; sourceTree = "<group>"; };
		99978F361EC9453A00EA24EB /* NSArray+MASAdditions.h */ = {isa = PBXFileReference; fileEncoding = 4; lastKnownFileType = sourcecode.c.h; path = "NSArray+MASAdditions.h"; sourceTree = "<group>"; };
		99978F371EC9453A00EA24EB /* NSArray+MASAdditions.m */ = {isa = PBXFileReference; fileEncoding = 4; lastKnownFileType = sourcecode.c.objc; path = "NSArray+MASAdditions.m"; sourceTree = "<group>"; };
		99978F381EC9453A00EA24EB /* NSArray+MASShorthandAdditions.h */ = {isa = PBXFileReference; fileEncoding = 4; lastKnownFileType = sourcecode.c.h; path = "NSArray+MASShorthandAdditions.h"; sourceTree = "<group>"; };
		99978F391EC9453A00EA24EB /* NSLayoutConstraint+MASDebugAdditions.h */ = {isa = PBXFileReference; fileEncoding = 4; lastKnownFileType = sourcecode.c.h; path = "NSLayoutConstraint+MASDebugAdditions.h"; sourceTree = "<group>"; };
		99978F3A1EC9453A00EA24EB /* NSLayoutConstraint+MASDebugAdditions.m */ = {isa = PBXFileReference; fileEncoding = 4; lastKnownFileType = sourcecode.c.objc; path = "NSLayoutConstraint+MASDebugAdditions.m"; sourceTree = "<group>"; };
		99978F3B1EC9453A00EA24EB /* View+MASAdditions.h */ = {isa = PBXFileReference; fileEncoding = 4; lastKnownFileType = sourcecode.c.h; path = "View+MASAdditions.h"; sourceTree = "<group>"; };
		99978F3C1EC9453A00EA24EB /* View+MASAdditions.m */ = {isa = PBXFileReference; fileEncoding = 4; lastKnownFileType = sourcecode.c.objc; path = "View+MASAdditions.m"; sourceTree = "<group>"; };
		99978F3D1EC9453A00EA24EB /* View+MASShorthandAdditions.h */ = {isa = PBXFileReference; fileEncoding = 4; lastKnownFileType = sourcecode.c.h; path = "View+MASShorthandAdditions.h"; sourceTree = "<group>"; };
		99978F3E1EC9453A00EA24EB /* ViewController+MASAdditions.h */ = {isa = PBXFileReference; fileEncoding = 4; lastKnownFileType = sourcecode.c.h; path = "ViewController+MASAdditions.h"; sourceTree = "<group>"; };
		99978F3F1EC9453A00EA24EB /* ViewController+MASAdditions.m */ = {isa = PBXFileReference; fileEncoding = 4; lastKnownFileType = sourcecode.c.objc; path = "ViewController+MASAdditions.m"; sourceTree = "<group>"; };
		99978F411EC9453A00EA24EB /* MyMemberModel.h */ = {isa = PBXFileReference; fileEncoding = 4; lastKnownFileType = sourcecode.c.h; path = MyMemberModel.h; sourceTree = "<group>"; };
		99978F421EC9453A00EA24EB /* MyMemberModel.m */ = {isa = PBXFileReference; fileEncoding = 4; lastKnownFileType = sourcecode.c.objc; path = MyMemberModel.m; sourceTree = "<group>"; };
		99978F441EC9453A00EA24EB /* MemberRectView.h */ = {isa = PBXFileReference; fileEncoding = 4; lastKnownFileType = sourcecode.c.h; path = MemberRectView.h; sourceTree = "<group>"; };
		99978F451EC9453A00EA24EB /* MemberRectView.m */ = {isa = PBXFileReference; fileEncoding = 4; lastKnownFileType = sourcecode.c.objc; path = MemberRectView.m; sourceTree = "<group>"; };
		99978F461EC9453A00EA24EB /* MyFamilyView.h */ = {isa = PBXFileReference; fileEncoding = 4; lastKnownFileType = sourcecode.c.h; path = MyFamilyView.h; sourceTree = "<group>"; };
		99978F471EC9453A00EA24EB /* MyFamilyView.m */ = {isa = PBXFileReference; fileEncoding = 4; lastKnownFileType = sourcecode.c.objc; path = MyFamilyView.m; sourceTree = "<group>"; };
		99978F481EC9453A00EA24EB /* MyMemberView.h */ = {isa = PBXFileReference; fileEncoding = 4; lastKnownFileType = sourcecode.c.h; path = MyMemberView.h; sourceTree = "<group>"; };
		99978F491EC9453A00EA24EB /* MyMemberView.m */ = {isa = PBXFileReference; fileEncoding = 4; lastKnownFileType = sourcecode.c.objc; path = MyMemberView.m; sourceTree = "<group>"; };
		99978F4A1EC9453A00EA24EB /* View.h */ = {isa = PBXFileReference; fileEncoding = 4; lastKnownFileType = sourcecode.c.h; path = View.h; sourceTree = "<group>"; };
		99978F4B1EC9453A00EA24EB /* View.m */ = {isa = PBXFileReference; fileEncoding = 4; lastKnownFileType = sourcecode.c.objc; path = View.m; sourceTree = "<group>"; };
		99978F5B1EC9454700EA24EB /* MyFamilyViewController.h */ = {isa = PBXFileReference; fileEncoding = 4; lastKnownFileType = sourcecode.c.h; path = MyFamilyViewController.h; sourceTree = "<group>"; };
		99978F5C1EC9454700EA24EB /* MyFamilyViewController.m */ = {isa = PBXFileReference; fileEncoding = 4; lastKnownFileType = sourcecode.c.objc; path = MyFamilyViewController.m; sourceTree = "<group>"; };
		99978F5E1EC9454C00EA24EB /* 1.png */ = {isa = PBXFileReference; lastKnownFileType = image.png; path = 1.png; sourceTree = "<group>"; };
		99978F5F1EC9454C00EA24EB /* 2.png */ = {isa = PBXFileReference; lastKnownFileType = image.png; path = 2.png; sourceTree = "<group>"; };
		99978F601EC9454C00EA24EB /* 3.png */ = {isa = PBXFileReference; lastKnownFileType = image.png; path = 3.png; sourceTree = "<group>"; };
		99978F611EC9454C00EA24EB /* 4.png */ = {isa = PBXFileReference; lastKnownFileType = image.png; path = 4.png; sourceTree = "<group>"; };
		99978F621EC9454C00EA24EB /* 5.png */ = {isa = PBXFileReference; lastKnownFileType = image.png; path = 5.png; sourceTree = "<group>"; };
		99978F631EC9454C00EA24EB /* 树状图说明 */ = {isa = PBXFileReference; fileEncoding = 4; lastKnownFileType = text; path = "树状图说明"; sourceTree = "<group>"; };
		99978FB81EC9497100EA24EB /* ConstantDefine.h */ = {isa = PBXFileReference; fileEncoding = 4; lastKnownFileType = sourcecode.c.h; path = ConstantDefine.h; sourceTree = "<group>"; };
/* End PBXFileReference section */

/* Begin PBXFrameworksBuildPhase section */
		9988EAC41EC5A424002631F6 /* Frameworks */ = {
			isa = PBXFrameworksBuildPhase;
			buildActionMask = 2147483647;
			files = (
			);
			runOnlyForDeploymentPostprocessing = 0;
		};
		9988EADD1EC5A426002631F6 /* Frameworks */ = {
			isa = PBXFrameworksBuildPhase;
			buildActionMask = 2147483647;
			files = (
			);
			runOnlyForDeploymentPostprocessing = 0;
		};
		9988EAE81EC5A426002631F6 /* Frameworks */ = {
			isa = PBXFrameworksBuildPhase;
			buildActionMask = 2147483647;
			files = (
			);
			runOnlyForDeploymentPostprocessing = 0;
		};
/* End PBXFrameworksBuildPhase section */

/* Begin PBXGroup section */
		9988EABE1EC5A424002631F6 = {
			isa = PBXGroup;
			children = (
				9988EAC91EC5A424002631F6 /* 树状图原始版 */,
				9988EAE31EC5A426002631F6 /* 树状图原始版Tests */,
				9988EAEE1EC5A426002631F6 /* 树状图原始版UITests */,
				9988EAC81EC5A424002631F6 /* Products */,
			);
			sourceTree = "<group>";
		};
		9988EAC81EC5A424002631F6 /* Products */ = {
			isa = PBXGroup;
			children = (
				9988EAC71EC5A424002631F6 /* 树状图原始版.app */,
				9988EAE01EC5A426002631F6 /* 树状图原始版Tests.xctest */,
				9988EAEB1EC5A426002631F6 /* 树状图原始版UITests.xctest */,
			);
			name = Products;
			sourceTree = "<group>";
		};
		9988EAC91EC5A424002631F6 /* 树状图原始版 */ = {
			isa = PBXGroup;
			children = (
				99978F1D1EC9453A00EA24EB /* Macro */,
				99978F261EC9453A00EA24EB /* Masonry */,
				99978F401EC9453A00EA24EB /* Model */,
				99978F431EC9453A00EA24EB /* View */,
				9988EACD1EC5A424002631F6 /* AppDelegate.h */,
				9988EACE1EC5A425002631F6 /* AppDelegate.m */,
				9988EAD01EC5A425002631F6 /* ViewController.h */,
				9988EAD11EC5A425002631F6 /* ViewController.m */,
				99978F5B1EC9454700EA24EB /* MyFamilyViewController.h */,
				99978F5C1EC9454700EA24EB /* MyFamilyViewController.m */,
				99978F5E1EC9454C00EA24EB /* 1.png */,
				99978F5F1EC9454C00EA24EB /* 2.png */,
				99978F601EC9454C00EA24EB /* 3.png */,
				99978F611EC9454C00EA24EB /* 4.png */,
				99978F621EC9454C00EA24EB /* 5.png */,
				99978F631EC9454C00EA24EB /* 树状图说明 */,
				9988EAD31EC5A425002631F6 /* Main.storyboard */,
				9988EAD61EC5A426002631F6 /* Assets.xcassets */,
				9988EAD81EC5A426002631F6 /* LaunchScreen.storyboard */,
				9988EADB1EC5A426002631F6 /* Info.plist */,
				9988EACA1EC5A424002631F6 /* Supporting Files */,
			);
			path = "树状图原始版";
			sourceTree = "<group>";
		};
		9988EACA1EC5A424002631F6 /* Supporting Files */ = {
			isa = PBXGroup;
			children = (
				9988EACB1EC5A424002631F6 /* main.m */,
			);
			name = "Supporting Files";
			sourceTree = "<group>";
		};
		9988EAE31EC5A426002631F6 /* 树状图原始版Tests */ = {
			isa = PBXGroup;
			children = (
				9988EAE41EC5A426002631F6 /* ______Tests.m */,
				9988EAE61EC5A426002631F6 /* Info.plist */,
			);
			path = "树状图原始版Tests";
			sourceTree = "<group>";
		};
		9988EAEE1EC5A426002631F6 /* 树状图原始版UITests */ = {
			isa = PBXGroup;
			children = (
				9988EAEF1EC5A426002631F6 /* ______UITests.m */,
				9988EAF11EC5A426002631F6 /* Info.plist */,
			);
			path = "树状图原始版UITests";
			sourceTree = "<group>";
		};
		99978F1D1EC9453A00EA24EB /* Macro */ = {
			isa = PBXGroup;
			children = (
				99978FB81EC9497100EA24EB /* ConstantDefine.h */,
			);
			path = Macro;
			sourceTree = "<group>";
		};
		99978F261EC9453A00EA24EB /* Masonry */ = {
			isa = PBXGroup;
			children = (
				99978F271EC9453A00EA24EB /* MASCompositeConstraint.h */,
				99978F281EC9453A00EA24EB /* MASCompositeConstraint.m */,
				99978F291EC9453A00EA24EB /* MASConstraint+Private.h */,
				99978F2A1EC9453A00EA24EB /* MASConstraint.h */,
				99978F2B1EC9453A00EA24EB /* MASConstraint.m */,
				99978F2C1EC9453A00EA24EB /* MASConstraintMaker.h */,
				99978F2D1EC9453A00EA24EB /* MASConstraintMaker.m */,
				99978F2E1EC9453A00EA24EB /* MASLayoutConstraint.h */,
				99978F2F1EC9453A00EA24EB /* MASLayoutConstraint.m */,
				99978F301EC9453A00EA24EB /* Masonry.h */,
				99978F311EC9453A00EA24EB /* MASUtilities.h */,
				99978F321EC9453A00EA24EB /* MASViewAttribute.h */,
				99978F331EC9453A00EA24EB /* MASViewAttribute.m */,
				99978F341EC9453A00EA24EB /* MASViewConstraint.h */,
				99978F351EC9453A00EA24EB /* MASViewConstraint.m */,
				99978F361EC9453A00EA24EB /* NSArray+MASAdditions.h */,
				99978F371EC9453A00EA24EB /* NSArray+MASAdditions.m */,
				99978F381EC9453A00EA24EB /* NSArray+MASShorthandAdditions.h */,
				99978F391EC9453A00EA24EB /* NSLayoutConstraint+MASDebugAdditions.h */,
				99978F3A1EC9453A00EA24EB /* NSLayoutConstraint+MASDebugAdditions.m */,
				99978F3B1EC9453A00EA24EB /* View+MASAdditions.h */,
				99978F3C1EC9453A00EA24EB /* View+MASAdditions.m */,
				99978F3D1EC9453A00EA24EB /* View+MASShorthandAdditions.h */,
				99978F3E1EC9453A00EA24EB /* ViewController+MASAdditions.h */,
				99978F3F1EC9453A00EA24EB /* ViewController+MASAdditions.m */,
			);
			path = Masonry;
			sourceTree = "<group>";
		};
		99978F401EC9453A00EA24EB /* Model */ = {
			isa = PBXGroup;
			children = (
				99978F411EC9453A00EA24EB /* MyMemberModel.h */,
				99978F421EC9453A00EA24EB /* MyMemberModel.m */,
			);
			path = Model;
			sourceTree = "<group>";
		};
		99978F431EC9453A00EA24EB /* View */ = {
			isa = PBXGroup;
			children = (
				99978F441EC9453A00EA24EB /* MemberRectView.h */,
				99978F451EC9453A00EA24EB /* MemberRectView.m */,
				99978F461EC9453A00EA24EB /* MyFamilyView.h */,
				99978F471EC9453A00EA24EB /* MyFamilyView.m */,
				99978F481EC9453A00EA24EB /* MyMemberView.h */,
				99978F491EC9453A00EA24EB /* MyMemberView.m */,
				99978F4A1EC9453A00EA24EB /* View.h */,
				99978F4B1EC9453A00EA24EB /* View.m */,
			);
			path = View;
			sourceTree = "<group>";
		};
/* End PBXGroup section */

/* Begin PBXNativeTarget section */
		9988EAC61EC5A424002631F6 /* 树状图原始版 */ = {
			isa = PBXNativeTarget;
			buildConfigurationList = 9988EAF41EC5A426002631F6 /* Build configuration list for PBXNativeTarget "树状图原始版" */;
			buildPhases = (
				9988EAC31EC5A424002631F6 /* Sources */,
				9988EAC41EC5A424002631F6 /* Frameworks */,
				9988EAC51EC5A424002631F6 /* Resources */,
			);
			buildRules = (
			);
			dependencies = (
			);
			name = "树状图原始版";
			productName = "树状图原始版";
			productReference = 9988EAC71EC5A424002631F6 /* 树状图原始版.app */;
			productType = "com.apple.product-type.application";
		};
		9988EADF1EC5A426002631F6 /* 树状图原始版Tests */ = {
			isa = PBXNativeTarget;
			buildConfigurationList = 9988EAF71EC5A426002631F6 /* Build configuration list for PBXNativeTarget "树状图原始版Tests" */;
			buildPhases = (
				9988EADC1EC5A426002631F6 /* Sources */,
				9988EADD1EC5A426002631F6 /* Frameworks */,
				9988EADE1EC5A426002631F6 /* Resources */,
			);
			buildRules = (
			);
			dependencies = (
				9988EAE21EC5A426002631F6 /* PBXTargetDependency */,
			);
			name = "树状图原始版Tests";
			productName = "树状图原始版Tests";
			productReference = 9988EAE01EC5A426002631F6 /* 树状图原始版Tests.xctest */;
			productType = "com.apple.product-type.bundle.unit-test";
		};
		9988EAEA1EC5A426002631F6 /* 树状图原始版UITests */ = {
			isa = PBXNativeTarget;
			buildConfigurationList = 9988EAFA1EC5A426002631F6 /* Build configuration list for PBXNativeTarget "树状图原始版UITests" */;
			buildPhases = (
				9988EAE71EC5A426002631F6 /* Sources */,
				9988EAE81EC5A426002631F6 /* Frameworks */,
				9988EAE91EC5A426002631F6 /* Resources */,
			);
			buildRules = (
			);
			dependencies = (
				9988EAED1EC5A426002631F6 /* PBXTargetDependency */,
			);
			name = "树状图原始版UITests";
			productName = "树状图原始版UITests";
			productReference = 9988EAEB1EC5A426002631F6 /* 树状图原始版UITests.xctest */;
			productType = "com.apple.product-type.bundle.ui-testing";
		};
/* End PBXNativeTarget section */

/* Begin PBXProject section */
		9988EABF1EC5A424002631F6 /* Project object */ = {
			isa = PBXProject;
			attributes = {
				LastUpgradeCheck = 0820;
				ORGANIZATIONNAME = ym;
				TargetAttributes = {
					9988EAC61EC5A424002631F6 = {
						CreatedOnToolsVersion = 8.2.1;
						ProvisioningStyle = Automatic;
					};
					9988EADF1EC5A426002631F6 = {
						CreatedOnToolsVersion = 8.2.1;
						ProvisioningStyle = Automatic;
						TestTargetID = 9988EAC61EC5A424002631F6;
					};
					9988EAEA1EC5A426002631F6 = {
						CreatedOnToolsVersion = 8.2.1;
						ProvisioningStyle = Automatic;
						TestTargetID = 9988EAC61EC5A424002631F6;
					};
				};
			};
			buildConfigurationList = 9988EAC21EC5A424002631F6 /* Build configuration list for PBXProject "树状图原始版" */;
			compatibilityVersion = "Xcode 3.2";
			developmentRegion = English;
			hasScannedForEncodings = 0;
			knownRegions = (
				en,
				Base,
			);
			mainGroup = 9988EABE1EC5A424002631F6;
			productRefGroup = 9988EAC81EC5A424002631F6 /* Products */;
			projectDirPath = "";
			projectRoot = "";
			targets = (
				9988EAC61EC5A424002631F6 /* 树状图原始版 */,
				9988EADF1EC5A426002631F6 /* 树状图原始版Tests */,
				9988EAEA1EC5A426002631F6 /* 树状图原始版UITests */,
			);
		};
/* End PBXProject section */

/* Begin PBXResourcesBuildPhase section */
		9988EAC51EC5A424002631F6 /* Resources */ = {
			isa = PBXResourcesBuildPhase;
			buildActionMask = 2147483647;
			files = (
				99978F691EC9454C00EA24EB /* 树状图说明 in Resources */,
				9988EADA1EC5A426002631F6 /* LaunchScreen.storyboard in Resources */,
				99978F671EC9454C00EA24EB /* 4.png in Resources */,
				99978F641EC9454C00EA24EB /* 1.png in Resources */,
				99978F651EC9454C00EA24EB /* 2.png in Resources */,
				99978F661EC9454C00EA24EB /* 3.png in Resources */,
				99978F681EC9454C00EA24EB /* 5.png in Resources */,
				9988EAD71EC5A426002631F6 /* Assets.xcassets in Resources */,
				9988EAD51EC5A425002631F6 /* Main.storyboard in Resources */,
			);
			runOnlyForDeploymentPostprocessing = 0;
		};
		9988EADE1EC5A426002631F6 /* Resources */ = {
			isa = PBXResourcesBuildPhase;
			buildActionMask = 2147483647;
			files = (
			);
			runOnlyForDeploymentPostprocessing = 0;
		};
		9988EAE91EC5A426002631F6 /* Resources */ = {
			isa = PBXResourcesBuildPhase;
			buildActionMask = 2147483647;
			files = (
			);
			runOnlyForDeploymentPostprocessing = 0;
		};
/* End PBXResourcesBuildPhase section */

/* Begin PBXSourcesBuildPhase section */
		9988EAC31EC5A424002631F6 /* Sources */ = {
			isa = PBXSourcesBuildPhase;
			buildActionMask = 2147483647;
			files = (
				99978F531EC9453A00EA24EB /* NSLayoutConstraint+MASDebugAdditions.m in Sources */,
				99978F561EC9453B00EA24EB /* MyMemberModel.m in Sources */,
				99978F511EC9453A00EA24EB /* MASViewConstraint.m in Sources */,
				99978F4C1EC9453A00EA24EB /* MASCompositeConstraint.m in Sources */,
				99978F521EC9453A00EA24EB /* NSArray+MASAdditions.m in Sources */,
				9988EAD21EC5A425002631F6 /* ViewController.m in Sources */,
				9988EACF1EC5A425002631F6 /* AppDelegate.m in Sources */,
				99978F4F1EC9453A00EA24EB /* MASLayoutConstraint.m in Sources */,
				99978F591EC9453B00EA24EB /* MyMemberView.m in Sources */,
				9988EACC1EC5A424002631F6 /* main.m in Sources */,
				99978F551EC9453B00EA24EB /* ViewController+MASAdditions.m in Sources */,
				99978F541EC9453B00EA24EB /* View+MASAdditions.m in Sources */,
				99978F501EC9453A00EA24EB /* MASViewAttribute.m in Sources */,
				99978F581EC9453B00EA24EB /* MyFamilyView.m in Sources */,
				99978F5A1EC9453B00EA24EB /* View.m in Sources */,
				99978F5D1EC9454700EA24EB /* MyFamilyViewController.m in Sources */,
				99978F4D1EC9453A00EA24EB /* MASConstraint.m in Sources */,
				99978F4E1EC9453A00EA24EB /* MASConstraintMaker.m in Sources */,
				99978F571EC9453B00EA24EB /* MemberRectView.m in Sources */,
			);
			runOnlyForDeploymentPostprocessing = 0;
		};
		9988EADC1EC5A426002631F6 /* Sources */ = {
			isa = PBXSourcesBuildPhase;
			buildActionMask = 2147483647;
			files = (
				9988EAE51EC5A426002631F6 /* ______Tests.m in Sources */,
			);
			runOnlyForDeploymentPostprocessing = 0;
		};
		9988EAE71EC5A426002631F6 /* Sources */ = {
			isa = PBXSourcesBuildPhase;
			buildActionMask = 2147483647;
			files = (
				9988EAF01EC5A426002631F6 /* ______UITests.m in Sources */,
			);
			runOnlyForDeploymentPostprocessing = 0;
		};
/* End PBXSourcesBuildPhase section */

/* Begin PBXTargetDependency section */
		9988EAE21EC5A426002631F6 /* PBXTargetDependency */ = {
			isa = PBXTargetDependency;
			target = 9988EAC61EC5A424002631F6 /* 树状图原始版 */;
			targetProxy = 9988EAE11EC5A426002631F6 /* PBXContainerItemProxy */;
		};
		9988EAED1EC5A426002631F6 /* PBXTargetDependency */ = {
			isa = PBXTargetDependency;
			target = 9988EAC61EC5A424002631F6 /* 树状图原始版 */;
			targetProxy = 9988EAEC1EC5A426002631F6 /* PBXContainerItemProxy */;
		};
/* End PBXTargetDependency section */

/* Begin PBXVariantGroup section */
		9988EAD31EC5A425002631F6 /* Main.storyboard */ = {
			isa = PBXVariantGroup;
			children = (
				9988EAD41EC5A425002631F6 /* Base */,
			);
			name = Main.storyboard;
			sourceTree = "<group>";
		};
		9988EAD81EC5A426002631F6 /* LaunchScreen.storyboard */ = {
			isa = PBXVariantGroup;
			children = (
				9988EAD91EC5A426002631F6 /* Base */,
			);
			name = LaunchScreen.storyboard;
			sourceTree = "<group>";
		};
/* End PBXVariantGroup section */

/* Begin XCBuildConfiguration section */
		9988EAF21EC5A426002631F6 /* Debug */ = {
			isa = XCBuildConfiguration;
			buildSettings = {
				ALWAYS_SEARCH_USER_PATHS = NO;
				CLANG_ANALYZER_NONNULL = YES;
				CLANG_CXX_LANGUAGE_STANDARD = "gnu++0x";
				CLANG_CXX_LIBRARY = "libc++";
				CLANG_ENABLE_MODULES = YES;
				CLANG_ENABLE_OBJC_ARC = YES;
				CLANG_WARN_BOOL_CONVERSION = YES;
				CLANG_WARN_CONSTANT_CONVERSION = YES;
				CLANG_WARN_DIRECT_OBJC_ISA_USAGE = YES_ERROR;
				CLANG_WARN_DOCUMENTATION_COMMENTS = YES;
				CLANG_WARN_EMPTY_BODY = YES;
				CLANG_WARN_ENUM_CONVERSION = YES;
				CLANG_WARN_INFINITE_RECURSION = YES;
				CLANG_WARN_INT_CONVERSION = YES;
				CLANG_WARN_OBJC_ROOT_CLASS = YES_ERROR;
				CLANG_WARN_SUSPICIOUS_MOVE = YES;
				CLANG_WARN_UNREACHABLE_CODE = YES;
				CLANG_WARN__DUPLICATE_METHOD_MATCH = YES;
				"CODE_SIGN_IDENTITY[sdk=iphoneos*]" = "iPhone Developer";
				COPY_PHASE_STRIP = NO;
				DEBUG_INFORMATION_FORMAT = dwarf;
				ENABLE_STRICT_OBJC_MSGSEND = YES;
				ENABLE_TESTABILITY = YES;
				GCC_C_LANGUAGE_STANDARD = gnu99;
				GCC_DYNAMIC_NO_PIC = NO;
				GCC_NO_COMMON_BLOCKS = YES;
				GCC_OPTIMIZATION_LEVEL = 0;
				GCC_PREPROCESSOR_DEFINITIONS = (
					"DEBUG=1",
					"$(inherited)",
				);
				GCC_WARN_64_TO_32_BIT_CONVERSION = YES;
				GCC_WARN_ABOUT_RETURN_TYPE = YES_ERROR;
				GCC_WARN_UNDECLARED_SELECTOR = YES;
				GCC_WARN_UNINITIALIZED_AUTOS = YES_AGGRESSIVE;
				GCC_WARN_UNUSED_FUNCTION = YES;
				GCC_WARN_UNUSED_VARIABLE = YES;
				IPHONEOS_DEPLOYMENT_TARGET = 10.2;
				MTL_ENABLE_DEBUG_INFO = YES;
				ONLY_ACTIVE_ARCH = YES;
				SDKROOT = iphoneos;
			};
			name = Debug;
		};
		9988EAF31EC5A426002631F6 /* Release */ = {
			isa = XCBuildConfiguration;
			buildSettings = {
				ALWAYS_SEARCH_USER_PATHS = NO;
				CLANG_ANALYZER_NONNULL = YES;
				CLANG_CXX_LANGUAGE_STANDARD = "gnu++0x";
				CLANG_CXX_LIBRARY = "libc++";
				CLANG_ENABLE_MODULES = YES;
				CLANG_ENABLE_OBJC_ARC = YES;
				CLANG_WARN_BOOL_CONVERSION = YES;
				CLANG_WARN_CONSTANT_CONVERSION = YES;
				CLANG_WARN_DIRECT_OBJC_ISA_USAGE = YES_ERROR;
				CLANG_WARN_DOCUMENTATION_COMMENTS = YES;
				CLANG_WARN_EMPTY_BODY = YES;
				CLANG_WARN_ENUM_CONVERSION = YES;
				CLANG_WARN_INFINITE_RECURSION = YES;
				CLANG_WARN_INT_CONVERSION = YES;
				CLANG_WARN_OBJC_ROOT_CLASS = YES_ERROR;
				CLANG_WARN_SUSPICIOUS_MOVE = YES;
				CLANG_WARN_UNREACHABLE_CODE = YES;
				CLANG_WARN__DUPLICATE_METHOD_MATCH = YES;
				"CODE_SIGN_IDENTITY[sdk=iphoneos*]" = "iPhone Developer";
				COPY_PHASE_STRIP = NO;
				DEBUG_INFORMATION_FORMAT = "dwarf-with-dsym";
				ENABLE_NS_ASSERTIONS = NO;
				ENABLE_STRICT_OBJC_MSGSEND = YES;
				GCC_C_LANGUAGE_STANDARD = gnu99;
				GCC_NO_COMMON_BLOCKS = YES;
				GCC_WARN_64_TO_32_BIT_CONVERSION = YES;
				GCC_WARN_ABOUT_RETURN_TYPE = YES_ERROR;
				GCC_WARN_UNDECLARED_SELECTOR = YES;
				GCC_WARN_UNINITIALIZED_AUTOS = YES_AGGRESSIVE;
				GCC_WARN_UNUSED_FUNCTION = YES;
				GCC_WARN_UNUSED_VARIABLE = YES;
				IPHONEOS_DEPLOYMENT_TARGET = 10.2;
				MTL_ENABLE_DEBUG_INFO = NO;
				SDKROOT = iphoneos;
				VALIDATE_PRODUCT = YES;
			};
			name = Release;
		};
		9988EAF51EC5A426002631F6 /* Debug */ = {
			isa = XCBuildConfiguration;
			buildSettings = {
				ASSETCATALOG_COMPILER_APPICON_NAME = AppIcon;
				INFOPLIST_FILE = "树状图原始版/Info.plist";
				LD_RUNPATH_SEARCH_PATHS = "$(inherited) @executable_path/Frameworks";
				PRODUCT_BUNDLE_IDENTIFIER = "ym.------";
				PRODUCT_NAME = "$(TARGET_NAME)";
			};
			name = Debug;
		};
		9988EAF61EC5A426002631F6 /* Release */ = {
			isa = XCBuildConfiguration;
			buildSettings = {
				ASSETCATALOG_COMPILER_APPICON_NAME = AppIcon;
				INFOPLIST_FILE = "树状图原始版/Info.plist";
				LD_RUNPATH_SEARCH_PATHS = "$(inherited) @executable_path/Frameworks";
				PRODUCT_BUNDLE_IDENTIFIER = "ym.------";
				PRODUCT_NAME = "$(TARGET_NAME)";
			};
			name = Release;
		};
		9988EAF81EC5A426002631F6 /* Debug */ = {
			isa = XCBuildConfiguration;
			buildSettings = {
				BUNDLE_LOADER = "$(TEST_HOST)";
				INFOPLIST_FILE = "树状图原始版Tests/Info.plist";
				LD_RUNPATH_SEARCH_PATHS = "$(inherited) @executable_path/Frameworks @loader_path/Frameworks";
				PRODUCT_BUNDLE_IDENTIFIER = "ym.------Tests";
				PRODUCT_NAME = "$(TARGET_NAME)";
				TEST_HOST = "$(BUILT_PRODUCTS_DIR)/树状图原始版.app/树状图原始版";
			};
			name = Debug;
		};
		9988EAF91EC5A426002631F6 /* Release */ = {
			isa = XCBuildConfiguration;
			buildSettings = {
				BUNDLE_LOADER = "$(TEST_HOST)";
				INFOPLIST_FILE = "树状图原始版Tests/Info.plist";
				LD_RUNPATH_SEARCH_PATHS = "$(inherited) @executable_path/Frameworks @loader_path/Frameworks";
				PRODUCT_BUNDLE_IDENTIFIER = "ym.------Tests";
				PRODUCT_NAME = "$(TARGET_NAME)";
				TEST_HOST = "$(BUILT_PRODUCTS_DIR)/树状图原始版.app/树状图原始版";
			};
			name = Release;
		};
		9988EAFB1EC5A426002631F6 /* Debug */ = {
			isa = XCBuildConfiguration;
			buildSettings = {
				INFOPLIST_FILE = "树状图原始版UITests/Info.plist";
				LD_RUNPATH_SEARCH_PATHS = "$(inherited) @executable_path/Frameworks @loader_path/Frameworks";
				PRODUCT_BUNDLE_IDENTIFIER = "ym.------UITests";
				PRODUCT_NAME = "$(TARGET_NAME)";
				TEST_TARGET_NAME = "树状图原始版";
			};
			name = Debug;
		};
		9988EAFC1EC5A426002631F6 /* Release */ = {
			isa = XCBuildConfiguration;
			buildSettings = {
				INFOPLIST_FILE = "树状图原始版UITests/Info.plist";
				LD_RUNPATH_SEARCH_PATHS = "$(inherited) @executable_path/Frameworks @loader_path/Frameworks";
				PRODUCT_BUNDLE_IDENTIFIER = "ym.------UITests";
				PRODUCT_NAME = "$(TARGET_NAME)";
				TEST_TARGET_NAME = "树状图原始版";
			};
			name = Release;
		};
/* End XCBuildConfiguration section */

/* Begin XCConfigurationList section */
		9988EAC21EC5A424002631F6 /* Build configuration list for PBXProject "树状图原始版" */ = {
			isa = XCConfigurationList;
			buildConfigurations = (
				9988EAF21EC5A426002631F6 /* Debug */,
				9988EAF31EC5A426002631F6 /* Release */,
			);
			defaultConfigurationIsVisible = 0;
			defaultConfigurationName = Release;
		};
		9988EAF41EC5A426002631F6 /* Build configuration list for PBXNativeTarget "树状图原始版" */ = {
			isa = XCConfigurationList;
			buildConfigurations = (
				9988EAF51EC5A426002631F6 /* Debug */,
				9988EAF61EC5A426002631F6 /* Release */,
			);
			defaultConfigurationIsVisible = 0;
			defaultConfigurationName = Release;
		};
		9988EAF71EC5A426002631F6 /* Build configuration list for PBXNativeTarget "树状图原始版Tests" */ = {
			isa = XCConfigurationList;
			buildConfigurations = (
				9988EAF81EC5A426002631F6 /* Debug */,
				9988EAF91EC5A426002631F6 /* Release */,
			);
			defaultConfigurationIsVisible = 0;
			defaultConfigurationName = Release;
		};
		9988EAFA1EC5A426002631F6 /* Build configuration list for PBXNativeTarget "树状图原始版UITests" */ = {
			isa = XCConfigurationList;
			buildConfigurations = (
				9988EAFB1EC5A426002631F6 /* Debug */,
				9988EAFC1EC5A426002631F6 /* Release */,
			);
			defaultConfigurationIsVisible = 0;
			defaultConfigurationName = Release;
		};
/* End XCConfigurationList section */
	};
	rootObject = 9988EABF1EC5A424002631F6 /* Project object */;
}
